{
  "nodes": {
    "flake-utils": {
      "inputs": {
        "systems": "systems"
      },
      "locked": {
        "lastModified": 1731533236,
        "narHash": "sha256-l0KFg5HjrsfsO/JpG+r7fRrqm12kzFHyUHqHCVpMMbI=",
        "owner": "numtide",
        "repo": "flake-utils",
        "rev": "11707dc2f618dd54ca8739b309ec4fc024de578b",
        "type": "github"
      },
      "original": {
        "owner": "numtide",
        "repo": "flake-utils",
        "type": "github"
      }
    },
    "kconfig-language-server": {
      "inputs": {
        "nixpkgs": [
          "nixpkgs"
        ]
      },
      "locked": {
        "lastModified": 1771893021,
        "narHash": "sha256-a50ZWpYzTl7uWDpUfHGzDKIpTFOM6twxbJtw0TXLdLg=",
        "owner": "anakin4747",
        "repo": "kconfig-language-server",
        "rev": "782d065f6b1e58b71d39a5a8f5fc8f27bce5c62d",
        "type": "github"
      },
      "original": {
        "owner": "anakin4747",
        "repo": "kconfig-language-server",
        "type": "github"
      }
    },
    "nixpkgs": {
      "locked": {
        "lastModified": 1773476965,
        "narHash": "sha256-Laaj25PvGeoP5SPhMfMGxvWqM6ZjZ6LdUeEhP6b3czY=",
        "owner": "NixOS",
        "repo": "nixpkgs",
        "rev": "f82ce7af0b79ac154b12e27ed800aeb97413723c",
        "type": "github"
      },
      "original": {
        "owner": "NixOS",
        "ref": "nixpkgs-unstable",
        "repo": "nixpkgs",
        "type": "github"
      }
    },
    "root": {
      "inputs": {
        "flake-utils": "flake-utils",
        "kconfig-language-server": "kconfig-language-server",
        "nixpkgs": "nixpkgs"
      }
    },
    "systems": {
      "locked": {
        "lastModified": 1681028828,
        "narHash": "sha256-Vy1rq5AaRuLzOxct8nz4T6wlgyUR7zLU309k9mBC768=",
        "owner": "nix-systems",
        "repo": "default",
        "rev": "da67096a3b9bf56a91d16901293e51ba5b49a27e",
        "type": "github"
      },
      "original": {
        "owner": "nix-systems",
        "repo": "default",
        "type": "github"
      }
    }
  },
  "root": "root",
  "version": 7
}
